PODS:
  - Flutter (1.0.0)
  - flutter_chat_bubble (0.0.1):
    - Flutter
  - flutter_sms (1.1.0):
    - Flutter
  - flutter_user_agent (1.2.2):
    - Flutter
  - url_launcher (0.0.1):
    - Flutter

DEPENDENCIES:
  - Flutter (from `Flutter`)
  - flutter_chat_bubble (from `.symlinks/plugins/flutter_chat_bubble/ios`)
  - flutter_sms (from `.symlinks/plugins/flutter_sms/ios`)
  - flutter_user_agent (from `.symlinks/plugins/flutter_user_agent/ios`)
  - url_launcher (from `.symlinks/plugins/url_launcher/ios`)

EXTERNAL SOURCES:
  Flutter:
    :path: Flutter
  flutter_chat_bubble:
    :path: ".symlinks/plugins/flutter_chat_bubble/ios"
  flutter_sms:
    :path: ".symlinks/plugins/flutter_sms/ios"
  flutter_user_agent:
    :path: ".symlinks/plugins/flutter_user_agent/ios"
  url_launcher:
    :path: ".symlinks/plugins/url_launcher/ios"

SPEC CHECKSUMS:
  Flutter: 0e3d915762c693b495b44d77113d4970485de6ec
  flutter_chat_bubble: cad6265ec611ba0f7bede70eabc26fdfce9bf2b0
  flutter_sms: 91ce41530f55c85d6524d82307a5d555844c086a
  flutter_user_agent: 27c45d034dc31b80948d29998cea52cd3a7bf936
  url_launcher: 6fef411d543ceb26efce54b05a0a40bfd74cbbef

PODFILE CHECKSUM: aafe91acc616949ddb318b77800a7f51bffa2a4c

COCOAPODS: 1.8.4
